PODS:
  - Alamofire (5.7.1)
  - FSCalendar (2.8.4)
  - PanModal (1.2.7)
  - RxCocoa (6.5.0):
    - RxRelay (= 6.5.0)
    - RxSwift (= 6.5.0)
  - RxGesture (4.0.4):
    - RxCocoa (~> 6.0)
    - RxSwift (~> 6.0)
  - RxRelay (6.5.0):
    - RxSwift (= 6.5.0)
  - RxSwift (6.5.0)
  - SwiftRichString (3.7.2)
  - Then (3.0.0)

DEPENDENCIES:
  - Alamofire
  - FSCalendar
  - PanModal
  - RxCocoa
  - RxGesture
  - RxSwift
  - SwiftRichString
  - Then

SPEC REPOS:
  trunk:
    - Alamofire
    - FSCalendar
    - PanModal
    - RxCocoa
    - RxGesture
    - RxRelay
    - RxSwift
    - SwiftRichString
    - Then

SPEC CHECKSUMS:
  Alamofire: 0123a34370cb170936ae79a8df46cc62b2edeb88
  FSCalendar: 2d1d0d9398f12d439f55c1fe0f01525b151b8260
  PanModal: 3e16ead1a907fb06f4df3f13492fd00149fa4974
  RxCocoa: 94f817b71c07517321eb4f9ad299112ca8af743b
  RxGesture: f3efb47ed2d26a8082f7b660d4a59970e275a7f8
  RxRelay: 1de1523e604c72b6c68feadedd1af3b1b4d0ecbd
  RxSwift: 5710a9e6b17f3c3d6e40d6e559b9fa1e813b2ef8
  SwiftRichString: d61b807db1f8834c26fee92b6dd3e1be2dc5af03
  Then: 844265ae87834bbe1147d91d5d41a404da2ec27d

PODFILE CHECKSUM: bf9cf02cd8b246a0424d43936ca28592d0351841
PODFILE CHECKSUM: 9a8b16a1b0727824b2c97f1a42944eb7f3c21d23

COCOAPODS: 1.12.1
