// !$*UTF8*$!
{
	archiveVersion = 1;
	classes = {
	};
	objectVersion = 55;
	objects = {

/* Begin PBXBuildFile section */
		8FAFE2BEA05001644EDAA65E /* Pods_FLUFFY.framework in Frameworks */ = {isa = PBXBuildFile; fileRef = E4A26D52599D7ACEF0FEB708 /* Pods_FLUFFY.framework */; };
		9C2F58B52A26454B00B36415 /* TaskTableViewCell.swift in Sources */ = {isa = PBXBuildFile; fileRef = 9C2F58B42A26454B00B36415 /* TaskTableViewCell.swift */; };
		9C2F58BB2A27421F00B36415 /* CustomSlider.swift in Sources */ = {isa = PBXBuildFile; fileRef = 9C2F58BA2A27421F00B36415 /* CustomSlider.swift */; };
		9C3628F32A26001900562713 /* ModalViewController.swift in Sources */ = {isa = PBXBuildFile; fileRef = 9C3628F22A26001900562713 /* ModalViewController.swift */; };
		9C5A12472A2AE7C800E04FC3 /* ScheduleManager.swift in Sources */ = {isa = PBXBuildFile; fileRef = 9C5A12462A2AE7C800E04FC3 /* ScheduleManager.swift */; };
		9C5A12492A2DCC7F00E04FC3 /* EditModalViewController.swift in Sources */ = {isa = PBXBuildFile; fileRef = 9C5A12482A2DCC7F00E04FC3 /* EditModalViewController.swift */; };
		B629BAD82A26EF3800561538 /* PushSettingViewModel.swift in Sources */ = {isa = PBXBuildFile; fileRef = B629BAD72A26EF3800561538 /* PushSettingViewModel.swift */; };
		B6382BC92A23949300A40724 /* Pretendard-ExtraBold.otf in Resources */ = {isa = PBXBuildFile; fileRef = B6382BC02A23949300A40724 /* Pretendard-ExtraBold.otf */; };
		B6382BCA2A23949300A40724 /* Pretendard-Light.otf in Resources */ = {isa = PBXBuildFile; fileRef = B6382BC12A23949300A40724 /* Pretendard-Light.otf */; };
		B6382BCB2A23949300A40724 /* Pretendard-Regular.otf in Resources */ = {isa = PBXBuildFile; fileRef = B6382BC22A23949300A40724 /* Pretendard-Regular.otf */; };
		B6382BCC2A23949300A40724 /* Pretendard-Black.otf in Resources */ = {isa = PBXBuildFile; fileRef = B6382BC32A23949300A40724 /* Pretendard-Black.otf */; };
		B6382BCD2A23949300A40724 /* Pretendard-Bold.otf in Resources */ = {isa = PBXBuildFile; fileRef = B6382BC42A23949300A40724 /* Pretendard-Bold.otf */; };
		B6382BCE2A23949300A40724 /* Pretendard-ExtraLight.otf in Resources */ = {isa = PBXBuildFile; fileRef = B6382BC52A23949300A40724 /* Pretendard-ExtraLight.otf */; };
		B6382BCF2A23949300A40724 /* Pretendard-SemiBold.otf in Resources */ = {isa = PBXBuildFile; fileRef = B6382BC62A23949300A40724 /* Pretendard-SemiBold.otf */; };
		B6382BD02A23949300A40724 /* Pretendard-Thin.otf in Resources */ = {isa = PBXBuildFile; fileRef = B6382BC72A23949300A40724 /* Pretendard-Thin.otf */; };
		B6382BD12A23949300A40724 /* Pretendard-Medium.otf in Resources */ = {isa = PBXBuildFile; fileRef = B6382BC82A23949300A40724 /* Pretendard-Medium.otf */; };
		B6382BD82A25889500A40724 /* RxViewModel.swift in Sources */ = {isa = PBXBuildFile; fileRef = B6382BD72A25889500A40724 /* RxViewModel.swift */; };
		B6382BDA2A2588FC00A40724 /* HomeViewValue.swift in Sources */ = {isa = PBXBuildFile; fileRef = B6382BD92A2588FC00A40724 /* HomeViewValue.swift */; };
		B65B41FA2A27311D00E6B579 /* Opener.swift in Sources */ = {isa = PBXBuildFile; fileRef = B65B41F92A27311D00E6B579 /* Opener.swift */; };
		B65B41FC2A27317100E6B579 /* Web.swift in Sources */ = {isa = PBXBuildFile; fileRef = B65B41FB2A27317100E6B579 /* Web.swift */; };
		B65B41FF2A27352900E6B579 /* MyInfoViewController.swift in Sources */ = {isa = PBXBuildFile; fileRef = B65B41FE2A27352900E6B579 /* MyInfoViewController.swift */; };
		B65B42012A27357000E6B579 /* MyInfoViewModel.swift in Sources */ = {isa = PBXBuildFile; fileRef = B65B42002A27357000E6B579 /* MyInfoViewModel.swift */; };
		B65B42062A28284C00E6B579 /* Account.swift in Sources */ = {isa = PBXBuildFile; fileRef = B65B42052A28284C00E6B579 /* Account.swift */; };
		B65B42082A28286100E6B579 /* AccountAPIs.swift in Sources */ = {isa = PBXBuildFile; fileRef = B65B42072A28286100E6B579 /* AccountAPIs.swift */; };
		B65B420A2A283AFB00E6B579 /* MyPageRowView.swift in Sources */ = {isa = PBXBuildFile; fileRef = B65B42092A283AFB00E6B579 /* MyPageRowView.swift */; };
		B65B420C2A2861D300E6B579 /* Bundle+Ext.swift in Sources */ = {isa = PBXBuildFile; fileRef = B65B420B2A2861D300E6B579 /* Bundle+Ext.swift */; };
		B65BDCD82A2B2C6D00DEFAD8 /* OnBoardingViewController.swift in Sources */ = {isa = PBXBuildFile; fileRef = B65BDCD72A2B2C6D00DEFAD8 /* OnBoardingViewController.swift */; };
		B65BDCDB2A2B2CDF00DEFAD8 /* CommonButtonView.swift in Sources */ = {isa = PBXBuildFile; fileRef = B65BDCDA2A2B2CDF00DEFAD8 /* CommonButtonView.swift */; };
		B65BDCDD2A2B303F00DEFAD8 /* DividerView.swift in Sources */ = {isa = PBXBuildFile; fileRef = B65BDCDC2A2B303F00DEFAD8 /* DividerView.swift */; };
		B65BDCDF2A2B309600DEFAD8 /* AssociationViewController.swift in Sources */ = {isa = PBXBuildFile; fileRef = B65BDCDE2A2B309600DEFAD8 /* AssociationViewController.swift */; };
		B65BDCE12A2B30A900DEFAD8 /* SignInViewController.swift in Sources */ = {isa = PBXBuildFile; fileRef = B65BDCE02A2B30A900DEFAD8 /* SignInViewController.swift */; };
		B65BDCE42A2B30F800DEFAD8 /* SignUpViewModel.swift in Sources */ = {isa = PBXBuildFile; fileRef = B65BDCE32A2B30F800DEFAD8 /* SignUpViewModel.swift */; };
		B65BDCE72A2B310600DEFAD8 /* AssociationViewModel.swift in Sources */ = {isa = PBXBuildFile; fileRef = B65BDCE62A2B310600DEFAD8 /* AssociationViewModel.swift */; };
		B65BDCEA2A2B311500DEFAD8 /* SignInViewModel.swift in Sources */ = {isa = PBXBuildFile; fileRef = B65BDCE92A2B311500DEFAD8 /* SignInViewModel.swift */; };
		B65BDCED2A2B346400DEFAD8 /* AssociationRowView.swift in Sources */ = {isa = PBXBuildFile; fileRef = B65BDCEC2A2B346400DEFAD8 /* AssociationRowView.swift */; };
		B65BDCEF2A2C27DA00DEFAD8 /* OnBoardingContenViewController.swift in Sources */ = {isa = PBXBuildFile; fileRef = B65BDCEE2A2C27DA00DEFAD8 /* OnBoardingContenViewController.swift */; };
		B661A2DA2A2C61B600F54A44 /* String+Ext.swift in Sources */ = {isa = PBXBuildFile; fileRef = B661A2D92A2C61B600F54A44 /* String+Ext.swift */; };
		B661A2DC2A2C742400F54A44 /* PaddingLabel.swift in Sources */ = {isa = PBXBuildFile; fileRef = B661A2DB2A2C742400F54A44 /* PaddingLabel.swift */; };
		B6907DBB2A2075A9001B22C1 /* UIColor+Ext.swift in Sources */ = {isa = PBXBuildFile; fileRef = B6907DBA2A2075A9001B22C1 /* UIColor+Ext.swift */; };
		B6907DBD2A207661001B22C1 /* Encodable+Ext.swift in Sources */ = {isa = PBXBuildFile; fileRef = B6907DBC2A207661001B22C1 /* Encodable+Ext.swift */; };
		B6907DBF2A2076AF001B22C1 /* UserDefaults+Ext.swift in Sources */ = {isa = PBXBuildFile; fileRef = B6907DBE2A2076AF001B22C1 /* UserDefaults+Ext.swift */; };
		B6907DC22A20771C001B22C1 /* FlUPPYAPIAPI.swift in Sources */ = {isa = PBXBuildFile; fileRef = B6907DC12A20771C001B22C1 /* FlUPPYAPIAPI.swift */; };
		B6907DC42A207743001B22C1 /* API.swift in Sources */ = {isa = PBXBuildFile; fileRef = B6907DC32A207743001B22C1 /* API.swift */; };
		B6907DCA2A207A7F001B22C1 /* HomeViewController.swift in Sources */ = {isa = PBXBuildFile; fileRef = B6907DC92A207A7F001B22C1 /* HomeViewController.swift */; };
		B6907DCC2A207A95001B22C1 /* MyPageViewController.swift in Sources */ = {isa = PBXBuildFile; fileRef = B6907DCB2A207A95001B22C1 /* MyPageViewController.swift */; };
		B6907DCE2A207AA1001B22C1 /* ScheudlerViewController.swift in Sources */ = {isa = PBXBuildFile; fileRef = B6907DCD2A207AA1001B22C1 /* ScheudlerViewController.swift */; };
		B6907DD02A207AB7001B22C1 /* SignUpViewController.swift in Sources */ = {isa = PBXBuildFile; fileRef = B6907DCF2A207AB7001B22C1 /* SignUpViewController.swift */; };
		B6907DD22A207B4B001B22C1 /* Status.swift in Sources */ = {isa = PBXBuildFile; fileRef = B6907DD12A207B4B001B22C1 /* Status.swift */; };
		B6907DD42A20A0F2001B22C1 /* App.swift in Sources */ = {isa = PBXBuildFile; fileRef = B6907DD32A20A0F2001B22C1 /* App.swift */; };
		B6907DD62A20A205001B22C1 /* HomeViewModel.swift in Sources */ = {isa = PBXBuildFile; fileRef = B6907DD52A20A205001B22C1 /* HomeViewModel.swift */; };
		B6907DD82A20A278001B22C1 /* BaseViewController.swift in Sources */ = {isa = PBXBuildFile; fileRef = B6907DD72A20A278001B22C1 /* BaseViewController.swift */; };
		B6907DDA2A20A44D001B22C1 /* TabBarViewController.swift in Sources */ = {isa = PBXBuildFile; fileRef = B6907DD92A20A44D001B22C1 /* TabBarViewController.swift */; };
		B696885C2A1F12CA009CC9B6 /* AppDelegate.swift in Sources */ = {isa = PBXBuildFile; fileRef = B696885B2A1F12CA009CC9B6 /* AppDelegate.swift */; };
		B696885E2A1F12CA009CC9B6 /* SceneDelegate.swift in Sources */ = {isa = PBXBuildFile; fileRef = B696885D2A1F12CA009CC9B6 /* SceneDelegate.swift */; };
		B69688602A1F12CA009CC9B6 /* ViewController.swift in Sources */ = {isa = PBXBuildFile; fileRef = B696885F2A1F12CA009CC9B6 /* ViewController.swift */; };
		B69688632A1F12CA009CC9B6 /* Main.storyboard in Resources */ = {isa = PBXBuildFile; fileRef = B69688612A1F12CA009CC9B6 /* Main.storyboard */; };
		B69688652A1F12CB009CC9B6 /* Assets.xcassets in Resources */ = {isa = PBXBuildFile; fileRef = B69688642A1F12CB009CC9B6 /* Assets.xcassets */; };
		B69688682A1F12CB009CC9B6 /* LaunchScreen.storyboard in Resources */ = {isa = PBXBuildFile; fileRef = B69688662A1F12CB009CC9B6 /* LaunchScreen.storyboard */; };
		B69688732A1F1BE2009CC9B6 /* Score.swift in Sources */ = {isa = PBXBuildFile; fileRef = B69688722A1F1BE2009CC9B6 /* Score.swift */; };
		B69688762A1F1BF3009CC9B6 /* AppleService.swift in Sources */ = {isa = PBXBuildFile; fileRef = B69688752A1F1BF3009CC9B6 /* AppleService.swift */; };
		B69688782A1F1CDC009CC9B6 /* KeychainService.swift in Sources */ = {isa = PBXBuildFile; fileRef = B69688772A1F1CDC009CC9B6 /* KeychainService.swift */; };
		B696887A2A1F22DD009CC9B6 /* NetworkService.swift in Sources */ = {isa = PBXBuildFile; fileRef = B69688792A1F22DD009CC9B6 /* NetworkService.swift */; };
		B6AB3E4F2A2620C5003241C2 /* MyPageViewModel.swift in Sources */ = {isa = PBXBuildFile; fileRef = B6AB3E4E2A2620C5003241C2 /* MyPageViewModel.swift */; };
		B6AB3E522A262586003241C2 /* PushSettingViewController.swift in Sources */ = {isa = PBXBuildFile; fileRef = B6AB3E512A262586003241C2 /* PushSettingViewController.swift */; };
		B6B897FC2A2306770076D712 /* Font+Ext.swift in Sources */ = {isa = PBXBuildFile; fileRef = B6B897FB2A2306770076D712 /* Font+Ext.swift */; };
		B6CEBA982A2F256E00ED9333 /* PermAgreeViewController.swift in Sources */ = {isa = PBXBuildFile; fileRef = B6CEBA972A2F256E00ED9333 /* PermAgreeViewController.swift */; };
		B6EF94EE2A2D84C0006BBC8E /* Candy Beans.otf in Resources */ = {isa = PBXBuildFile; fileRef = B6EF94ED2A2D84C0006BBC8E /* Candy Beans.otf */; };
		B6EF94F02A2D997D006BBC8E /* NicknameChangeViewController.swift in Sources */ = {isa = PBXBuildFile; fileRef = B6EF94EF2A2D997D006BBC8E /* NicknameChangeViewController.swift */; };
/* End PBXBuildFile section */

/* Begin PBXFileReference section */
		647511F047D81A33A7168BA9 /* Pods-FLUFFY.release.xcconfig */ = {isa = PBXFileReference; includeInIndex = 1; lastKnownFileType = text.xcconfig; name = "Pods-FLUFFY.release.xcconfig"; path = "Target Support Files/Pods-FLUFFY/Pods-FLUFFY.release.xcconfig"; sourceTree = "<group>"; };
		9C2F58B42A26454B00B36415 /* TaskTableViewCell.swift */ = {isa = PBXFileReference; lastKnownFileType = sourcecode.swift; path = TaskTableViewCell.swift; sourceTree = "<group>"; };
		9C2F58BA2A27421F00B36415 /* CustomSlider.swift */ = {isa = PBXFileReference; lastKnownFileType = sourcecode.swift; path = CustomSlider.swift; sourceTree = "<group>"; };
		9C3628F22A26001900562713 /* ModalViewController.swift */ = {isa = PBXFileReference; lastKnownFileType = sourcecode.swift; path = ModalViewController.swift; sourceTree = "<group>"; };
		9C5A12462A2AE7C800E04FC3 /* ScheduleManager.swift */ = {isa = PBXFileReference; lastKnownFileType = sourcecode.swift; path = ScheduleManager.swift; sourceTree = "<group>"; };
		9C5A12482A2DCC7F00E04FC3 /* EditModalViewController.swift */ = {isa = PBXFileReference; lastKnownFileType = sourcecode.swift; path = EditModalViewController.swift; sourceTree = "<group>"; };
		B629BAD72A26EF3800561538 /* PushSettingViewModel.swift */ = {isa = PBXFileReference; lastKnownFileType = sourcecode.swift; path = PushSettingViewModel.swift; sourceTree = "<group>"; };
		B6382BC02A23949300A40724 /* Pretendard-ExtraBold.otf */ = {isa = PBXFileReference; lastKnownFileType = file; path = "Pretendard-ExtraBold.otf"; sourceTree = "<group>"; };
		B6382BC12A23949300A40724 /* Pretendard-Light.otf */ = {isa = PBXFileReference; lastKnownFileType = file; path = "Pretendard-Light.otf"; sourceTree = "<group>"; };
		B6382BC22A23949300A40724 /* Pretendard-Regular.otf */ = {isa = PBXFileReference; lastKnownFileType = file; path = "Pretendard-Regular.otf"; sourceTree = "<group>"; };
		B6382BC32A23949300A40724 /* Pretendard-Black.otf */ = {isa = PBXFileReference; lastKnownFileType = file; path = "Pretendard-Black.otf"; sourceTree = "<group>"; };
		B6382BC42A23949300A40724 /* Pretendard-Bold.otf */ = {isa = PBXFileReference; lastKnownFileType = file; path = "Pretendard-Bold.otf"; sourceTree = "<group>"; };
		B6382BC52A23949300A40724 /* Pretendard-ExtraLight.otf */ = {isa = PBXFileReference; lastKnownFileType = file; path = "Pretendard-ExtraLight.otf"; sourceTree = "<group>"; };
		B6382BC62A23949300A40724 /* Pretendard-SemiBold.otf */ = {isa = PBXFileReference; lastKnownFileType = file; path = "Pretendard-SemiBold.otf"; sourceTree = "<group>"; };
		B6382BC72A23949300A40724 /* Pretendard-Thin.otf */ = {isa = PBXFileReference; lastKnownFileType = file; path = "Pretendard-Thin.otf"; sourceTree = "<group>"; };
		B6382BC82A23949300A40724 /* Pretendard-Medium.otf */ = {isa = PBXFileReference; lastKnownFileType = file; path = "Pretendard-Medium.otf"; sourceTree = "<group>"; };
		B6382BD72A25889500A40724 /* RxViewModel.swift */ = {isa = PBXFileReference; lastKnownFileType = sourcecode.swift; path = RxViewModel.swift; sourceTree = "<group>"; };
		B6382BD92A2588FC00A40724 /* HomeViewValue.swift */ = {isa = PBXFileReference; lastKnownFileType = sourcecode.swift; path = HomeViewValue.swift; sourceTree = "<group>"; };
		B65B41F92A27311D00E6B579 /* Opener.swift */ = {isa = PBXFileReference; lastKnownFileType = sourcecode.swift; path = Opener.swift; sourceTree = "<group>"; };
		B65B41FB2A27317100E6B579 /* Web.swift */ = {isa = PBXFileReference; lastKnownFileType = sourcecode.swift; path = Web.swift; sourceTree = "<group>"; };
		B65B41FE2A27352900E6B579 /* MyInfoViewController.swift */ = {isa = PBXFileReference; lastKnownFileType = sourcecode.swift; path = MyInfoViewController.swift; sourceTree = "<group>"; };
		B65B42002A27357000E6B579 /* MyInfoViewModel.swift */ = {isa = PBXFileReference; lastKnownFileType = sourcecode.swift; path = MyInfoViewModel.swift; sourceTree = "<group>"; };
		B65B42052A28284C00E6B579 /* Account.swift */ = {isa = PBXFileReference; lastKnownFileType = sourcecode.swift; path = Account.swift; sourceTree = "<group>"; };
		B65B42072A28286100E6B579 /* AccountAPIs.swift */ = {isa = PBXFileReference; lastKnownFileType = sourcecode.swift; path = AccountAPIs.swift; sourceTree = "<group>"; };
		B65B42092A283AFB00E6B579 /* MyPageRowView.swift */ = {isa = PBXFileReference; lastKnownFileType = sourcecode.swift; path = MyPageRowView.swift; sourceTree = "<group>"; };
		B65B420B2A2861D300E6B579 /* Bundle+Ext.swift */ = {isa = PBXFileReference; lastKnownFileType = sourcecode.swift; path = "Bundle+Ext.swift"; sourceTree = "<group>"; };
		B65BDCD72A2B2C6D00DEFAD8 /* OnBoardingViewController.swift */ = {isa = PBXFileReference; lastKnownFileType = sourcecode.swift; path = OnBoardingViewController.swift; sourceTree = "<group>"; };
		B65BDCDA2A2B2CDF00DEFAD8 /* CommonButtonView.swift */ = {isa = PBXFileReference; lastKnownFileType = sourcecode.swift; path = CommonButtonView.swift; sourceTree = "<group>"; };
		B65BDCDC2A2B303F00DEFAD8 /* DividerView.swift */ = {isa = PBXFileReference; lastKnownFileType = sourcecode.swift; path = DividerView.swift; sourceTree = "<group>"; };
		B65BDCDE2A2B309600DEFAD8 /* AssociationViewController.swift */ = {isa = PBXFileReference; lastKnownFileType = sourcecode.swift; path = AssociationViewController.swift; sourceTree = "<group>"; };
		B65BDCE02A2B30A900DEFAD8 /* SignInViewController.swift */ = {isa = PBXFileReference; lastKnownFileType = sourcecode.swift; path = SignInViewController.swift; sourceTree = "<group>"; };
		B65BDCE32A2B30F800DEFAD8 /* SignUpViewModel.swift */ = {isa = PBXFileReference; lastKnownFileType = sourcecode.swift; path = SignUpViewModel.swift; sourceTree = "<group>"; };
		B65BDCE62A2B310600DEFAD8 /* AssociationViewModel.swift */ = {isa = PBXFileReference; lastKnownFileType = sourcecode.swift; path = AssociationViewModel.swift; sourceTree = "<group>"; };
		B65BDCE92A2B311500DEFAD8 /* SignInViewModel.swift */ = {isa = PBXFileReference; lastKnownFileType = sourcecode.swift; path = SignInViewModel.swift; sourceTree = "<group>"; };
		B65BDCEC2A2B346400DEFAD8 /* AssociationRowView.swift */ = {isa = PBXFileReference; lastKnownFileType = sourcecode.swift; path = AssociationRowView.swift; sourceTree = "<group>"; };
		B65BDCEE2A2C27DA00DEFAD8 /* OnBoardingContenViewController.swift */ = {isa = PBXFileReference; lastKnownFileType = sourcecode.swift; path = OnBoardingContenViewController.swift; sourceTree = "<group>"; };
		B661A2D92A2C61B600F54A44 /* String+Ext.swift */ = {isa = PBXFileReference; lastKnownFileType = sourcecode.swift; path = "String+Ext.swift"; sourceTree = "<group>"; };
		B661A2DB2A2C742400F54A44 /* PaddingLabel.swift */ = {isa = PBXFileReference; lastKnownFileType = sourcecode.swift; path = PaddingLabel.swift; sourceTree = "<group>"; };
		B6907DBA2A2075A9001B22C1 /* UIColor+Ext.swift */ = {isa = PBXFileReference; lastKnownFileType = sourcecode.swift; path = "UIColor+Ext.swift"; sourceTree = "<group>"; };
		B6907DBC2A207661001B22C1 /* Encodable+Ext.swift */ = {isa = PBXFileReference; lastKnownFileType = sourcecode.swift; path = "Encodable+Ext.swift"; sourceTree = "<group>"; };
		B6907DBE2A2076AF001B22C1 /* UserDefaults+Ext.swift */ = {isa = PBXFileReference; lastKnownFileType = sourcecode.swift; path = "UserDefaults+Ext.swift"; sourceTree = "<group>"; };
		B6907DC12A20771C001B22C1 /* FlUPPYAPIAPI.swift */ = {isa = PBXFileReference; lastKnownFileType = sourcecode.swift; path = FlUPPYAPIAPI.swift; sourceTree = "<group>"; };
		B6907DC32A207743001B22C1 /* API.swift */ = {isa = PBXFileReference; lastKnownFileType = sourcecode.swift; path = API.swift; sourceTree = "<group>"; };
		B6907DC92A207A7F001B22C1 /* HomeViewController.swift */ = {isa = PBXFileReference; lastKnownFileType = sourcecode.swift; path = HomeViewController.swift; sourceTree = "<group>"; };
		B6907DCB2A207A95001B22C1 /* MyPageViewController.swift */ = {isa = PBXFileReference; lastKnownFileType = sourcecode.swift; path = MyPageViewController.swift; sourceTree = "<group>"; };
		B6907DCD2A207AA1001B22C1 /* ScheudlerViewController.swift */ = {isa = PBXFileReference; lastKnownFileType = sourcecode.swift; path = ScheudlerViewController.swift; sourceTree = "<group>"; };
		B6907DCF2A207AB7001B22C1 /* SignUpViewController.swift */ = {isa = PBXFileReference; lastKnownFileType = sourcecode.swift; path = SignUpViewController.swift; sourceTree = "<group>"; };
		B6907DD12A207B4B001B22C1 /* Status.swift */ = {isa = PBXFileReference; lastKnownFileType = sourcecode.swift; path = Status.swift; sourceTree = "<group>"; };
		B6907DD32A20A0F2001B22C1 /* App.swift */ = {isa = PBXFileReference; lastKnownFileType = sourcecode.swift; path = App.swift; sourceTree = "<group>"; };
		B6907DD52A20A205001B22C1 /* HomeViewModel.swift */ = {isa = PBXFileReference; lastKnownFileType = sourcecode.swift; path = HomeViewModel.swift; sourceTree = "<group>"; };
		B6907DD72A20A278001B22C1 /* BaseViewController.swift */ = {isa = PBXFileReference; lastKnownFileType = sourcecode.swift; path = BaseViewController.swift; sourceTree = "<group>"; };
		B6907DD92A20A44D001B22C1 /* TabBarViewController.swift */ = {isa = PBXFileReference; lastKnownFileType = sourcecode.swift; path = TabBarViewController.swift; sourceTree = "<group>"; };
		B69688582A1F12CA009CC9B6 /* FLUFFY.app */ = {isa = PBXFileReference; explicitFileType = wrapper.application; includeInIndex = 0; path = FLUFFY.app; sourceTree = BUILT_PRODUCTS_DIR; };
		B696885B2A1F12CA009CC9B6 /* AppDelegate.swift */ = {isa = PBXFileReference; lastKnownFileType = sourcecode.swift; path = AppDelegate.swift; sourceTree = "<group>"; };
		B696885D2A1F12CA009CC9B6 /* SceneDelegate.swift */ = {isa = PBXFileReference; lastKnownFileType = sourcecode.swift; path = SceneDelegate.swift; sourceTree = "<group>"; };
		B696885F2A1F12CA009CC9B6 /* ViewController.swift */ = {isa = PBXFileReference; lastKnownFileType = sourcecode.swift; path = ViewController.swift; sourceTree = "<group>"; };
		B69688622A1F12CA009CC9B6 /* Base */ = {isa = PBXFileReference; lastKnownFileType = file.storyboard; name = Base; path = Base.lproj/Main.storyboard; sourceTree = "<group>"; };
		B69688642A1F12CB009CC9B6 /* Assets.xcassets */ = {isa = PBXFileReference; lastKnownFileType = folder.assetcatalog; path = Assets.xcassets; sourceTree = "<group>"; };
		B69688672A1F12CB009CC9B6 /* Base */ = {isa = PBXFileReference; lastKnownFileType = file.storyboard; name = Base; path = Base.lproj/LaunchScreen.storyboard; sourceTree = "<group>"; };
		B69688692A1F12CB009CC9B6 /* Info.plist */ = {isa = PBXFileReference; lastKnownFileType = text.plist.xml; path = Info.plist; sourceTree = "<group>"; };
		B696886F2A1F163E009CC9B6 /* FLUFFY.entitlements */ = {isa = PBXFileReference; lastKnownFileType = text.plist.entitlements; path = FLUFFY.entitlements; sourceTree = "<group>"; };
		B69688722A1F1BE2009CC9B6 /* Score.swift */ = {isa = PBXFileReference; lastKnownFileType = sourcecode.swift; path = Score.swift; sourceTree = "<group>"; };
		B69688752A1F1BF3009CC9B6 /* AppleService.swift */ = {isa = PBXFileReference; lastKnownFileType = sourcecode.swift; path = AppleService.swift; sourceTree = "<group>"; };
		B69688772A1F1CDC009CC9B6 /* KeychainService.swift */ = {isa = PBXFileReference; lastKnownFileType = sourcecode.swift; path = KeychainService.swift; sourceTree = "<group>"; };
		B69688792A1F22DD009CC9B6 /* NetworkService.swift */ = {isa = PBXFileReference; lastKnownFileType = sourcecode.swift; path = NetworkService.swift; sourceTree = "<group>"; };
		B6AB3E4E2A2620C5003241C2 /* MyPageViewModel.swift */ = {isa = PBXFileReference; lastKnownFileType = sourcecode.swift; path = MyPageViewModel.swift; sourceTree = "<group>"; };
		B6AB3E512A262586003241C2 /* PushSettingViewController.swift */ = {isa = PBXFileReference; lastKnownFileType = sourcecode.swift; path = PushSettingViewController.swift; sourceTree = "<group>"; };
		B6B897FB2A2306770076D712 /* Font+Ext.swift */ = {isa = PBXFileReference; lastKnownFileType = sourcecode.swift; path = "Font+Ext.swift"; sourceTree = "<group>"; };
		B6CEBA972A2F256E00ED9333 /* PermAgreeViewController.swift */ = {isa = PBXFileReference; lastKnownFileType = sourcecode.swift; path = PermAgreeViewController.swift; sourceTree = "<group>"; };
		B6EF94ED2A2D84C0006BBC8E /* Candy Beans.otf */ = {isa = PBXFileReference; lastKnownFileType = file; path = "Candy Beans.otf"; sourceTree = "<group>"; };
		B6EF94EF2A2D997D006BBC8E /* NicknameChangeViewController.swift */ = {isa = PBXFileReference; lastKnownFileType = sourcecode.swift; path = NicknameChangeViewController.swift; sourceTree = "<group>"; };
		E4A26D52599D7ACEF0FEB708 /* Pods_FLUFFY.framework */ = {isa = PBXFileReference; explicitFileType = wrapper.framework; includeInIndex = 0; path = Pods_FLUFFY.framework; sourceTree = BUILT_PRODUCTS_DIR; };
		EED37F88DB09F52E209827C0 /* Pods-FLUFFY.debug.xcconfig */ = {isa = PBXFileReference; includeInIndex = 1; lastKnownFileType = text.xcconfig; name = "Pods-FLUFFY.debug.xcconfig"; path = "Target Support Files/Pods-FLUFFY/Pods-FLUFFY.debug.xcconfig"; sourceTree = "<group>"; };
/* End PBXFileReference section */

/* Begin PBXFrameworksBuildPhase section */
		B69688552A1F12CA009CC9B6 /* Frameworks */ = {
			isa = PBXFrameworksBuildPhase;
			buildActionMask = 2147483647;
			files = (
				8FAFE2BEA05001644EDAA65E /* Pods_FLUFFY.framework in Frameworks */,
			);
			runOnlyForDeploymentPostprocessing = 0;
		};
/* End PBXFrameworksBuildPhase section */

/* Begin PBXGroup section */
		1021868A847AB2B9A382D108 /* Frameworks */ = {
			isa = PBXGroup;
			children = (
				E4A26D52599D7ACEF0FEB708 /* Pods_FLUFFY.framework */,
			);
			name = Frameworks;
			sourceTree = "<group>";
		};
		80A702DF2FE2932806EE6DD0 /* Pods */ = {
			isa = PBXGroup;
			children = (
				EED37F88DB09F52E209827C0 /* Pods-FLUFFY.debug.xcconfig */,
				647511F047D81A33A7168BA9 /* Pods-FLUFFY.release.xcconfig */,
			);
			path = Pods;
			sourceTree = "<group>";
		};
		B6382BAC2A238F5B00A40724 /* Fonts */ = {
			isa = PBXGroup;
			children = (
				B65487CD2A2C52E0008B4D6E /* CandyBeans */,
				B6382BAD2A238F8200A40724 /* Pretendard */,
			);
			path = Fonts;
			sourceTree = "<group>";
		};
		B6382BAD2A238F8200A40724 /* Pretendard */ = {
			isa = PBXGroup;
			children = (
				B6382BC32A23949300A40724 /* Pretendard-Black.otf */,
				B6382BC42A23949300A40724 /* Pretendard-Bold.otf */,
				B6382BC02A23949300A40724 /* Pretendard-ExtraBold.otf */,
				B6382BC52A23949300A40724 /* Pretendard-ExtraLight.otf */,
				B6382BC12A23949300A40724 /* Pretendard-Light.otf */,
				B6382BC82A23949300A40724 /* Pretendard-Medium.otf */,
				B6382BC22A23949300A40724 /* Pretendard-Regular.otf */,
				B6382BC62A23949300A40724 /* Pretendard-SemiBold.otf */,
				B6382BC72A23949300A40724 /* Pretendard-Thin.otf */,
			);
			path = Pretendard;
			sourceTree = "<group>";
		};
		B6382BD62A25888600A40724 /* Foundation */ = {
			isa = PBXGroup;
			children = (
				B6382BD72A25889500A40724 /* RxViewModel.swift */,
			);
			path = Foundation;
			sourceTree = "<group>";
		};
		B65487CD2A2C52E0008B4D6E /* CandyBeans */ = {
			isa = PBXGroup;
			children = (
				B6EF94ED2A2D84C0006BBC8E /* Candy Beans.otf */,
			);
			path = CandyBeans;
			sourceTree = "<group>";
		};
		B65B41F82A27311000E6B579 /* Tools */ = {
			isa = PBXGroup;
			children = (
				B65B41F92A27311D00E6B579 /* Opener.swift */,
			);
			path = Tools;
			sourceTree = "<group>";
		};
		B65B41FD2A27351C00E6B579 /* MyInfo */ = {
			isa = PBXGroup;
			children = (
				B6EF94EF2A2D997D006BBC8E /* NicknameChangeViewController.swift */,
			);
			path = MyInfo;
			sourceTree = "<group>";
		};
		B65B42042A28283600E6B579 /* Account */ = {
			isa = PBXGroup;
			children = (
				B65B42052A28284C00E6B579 /* Account.swift */,
				B65B42072A28286100E6B579 /* AccountAPIs.swift */,
			);
			path = Account;
			sourceTree = "<group>";
		};
		B65BDCD62A2B2BEE00DEFAD8 /* Intro */ = {
			isa = PBXGroup;
			children = (
				B65BDCD72A2B2C6D00DEFAD8 /* OnBoardingViewController.swift */,
				B65BDCEE2A2C27DA00DEFAD8 /* OnBoardingContenViewController.swift */,
				B6CEBA972A2F256E00ED9333 /* PermAgreeViewController.swift */,
			);
			path = Intro;
			sourceTree = "<group>";
		};
		B65BDCD92A2B2CD400DEFAD8 /* Common */ = {
			isa = PBXGroup;
			children = (
				B65BDCDA2A2B2CDF00DEFAD8 /* CommonButtonView.swift */,
				B65BDCDC2A2B303F00DEFAD8 /* DividerView.swift */,
				B661A2DB2A2C742400F54A44 /* PaddingLabel.swift */,
			);
			path = Common;
			sourceTree = "<group>";
		};
		B65BDCE22A2B30EA00DEFAD8 /* SignUp */ = {
			isa = PBXGroup;
			children = (
				B6907DCF2A207AB7001B22C1 /* SignUpViewController.swift */,
				B65BDCE32A2B30F800DEFAD8 /* SignUpViewModel.swift */,
			);
			path = SignUp;
			sourceTree = "<group>";
		};
		B65BDCE52A2B30FB00DEFAD8 /* Association */ = {
			isa = PBXGroup;
			children = (
				B65BDCEB2A2B345800DEFAD8 /* Views */,
				B65BDCDE2A2B309600DEFAD8 /* AssociationViewController.swift */,
				B65BDCE62A2B310600DEFAD8 /* AssociationViewModel.swift */,
			);
			path = Association;
			sourceTree = "<group>";
		};
		B65BDCE82A2B310A00DEFAD8 /* SignIn */ = {
			isa = PBXGroup;
			children = (
				B65B41FE2A27352900E6B579 /* MyInfoViewController.swift */,
				B65B42002A27357000E6B579 /* MyInfoViewModel.swift */,
				B65BDCE02A2B30A900DEFAD8 /* SignInViewController.swift */,
				B65BDCE92A2B311500DEFAD8 /* SignInViewModel.swift */,
			);
			path = SignIn;
			sourceTree = "<group>";
		};
		B65BDCEB2A2B345800DEFAD8 /* Views */ = {
			isa = PBXGroup;
			children = (
				B65BDCEC2A2B346400DEFAD8 /* AssociationRowView.swift */,
			);
			path = Views;
			sourceTree = "<group>";
		};
		B6907DB92A20759D001B22C1 /* Extension */ = {
			isa = PBXGroup;
			children = (
				B6907DBA2A2075A9001B22C1 /* UIColor+Ext.swift */,
				B6907DBC2A207661001B22C1 /* Encodable+Ext.swift */,
				B6907DBE2A2076AF001B22C1 /* UserDefaults+Ext.swift */,
				B6B897FB2A2306770076D712 /* Font+Ext.swift */,
				B65B420B2A2861D300E6B579 /* Bundle+Ext.swift */,
				B661A2D92A2C61B600F54A44 /* String+Ext.swift */,
			);
			path = Extension;
			sourceTree = "<group>";
		};
		B6907DC02A20770E001B22C1 /* API */ = {
			isa = PBXGroup;
			children = (
				B6907DC12A20771C001B22C1 /* FlUPPYAPIAPI.swift */,
				B6907DC32A207743001B22C1 /* API.swift */,
			);
			path = API;
			sourceTree = "<group>";
		};
		B6907DC52A2079FC001B22C1 /* MyPage */ = {
			isa = PBXGroup;
			children = (
				B65B41FD2A27351C00E6B579 /* MyInfo */,
				B6AB3E502A262579003241C2 /* PushSetting */,
				B6907DCB2A207A95001B22C1 /* MyPageViewController.swift */,
				B6AB3E4E2A2620C5003241C2 /* MyPageViewModel.swift */,
				B65B42092A283AFB00E6B579 /* MyPageRowView.swift */,
			);
			path = MyPage;
			sourceTree = "<group>";
		};
		B6907DC62A207A04001B22C1 /* Scheduler */ = {
			isa = PBXGroup;
			children = (
				B6907DCD2A207AA1001B22C1 /* ScheudlerViewController.swift */,
				9C3628F22A26001900562713 /* ModalViewController.swift */,
				9C5A12482A2DCC7F00E04FC3 /* EditModalViewController.swift */,
				9C5A12462A2AE7C800E04FC3 /* ScheduleManager.swift */,
				9C2F58BA2A27421F00B36415 /* CustomSlider.swift */,
				9C2F58B42A26454B00B36415 /* TaskTableViewCell.swift */,
			);
			path = Scheduler;
			sourceTree = "<group>";
		};
		B6907DC72A207A11001B22C1 /* Account */ = {
			isa = PBXGroup;
			children = (
				B65BDCE82A2B310A00DEFAD8 /* SignIn */,
				B65BDCE52A2B30FB00DEFAD8 /* Association */,
				B65BDCE22A2B30EA00DEFAD8 /* SignUp */,
			);
			path = Account;
			sourceTree = "<group>";
		};
		B6907DC82A207A60001B22C1 /* Home */ = {
			isa = PBXGroup;
			children = (
				B696885F2A1F12CA009CC9B6 /* ViewController.swift */,
				B6907DC92A207A7F001B22C1 /* HomeViewController.swift */,
				B6907DD52A20A205001B22C1 /* HomeViewModel.swift */,
				B6382BD92A2588FC00A40724 /* HomeViewValue.swift */,
			);
			path = Home;
			sourceTree = "<group>";
		};
		B696884F2A1F12CA009CC9B6 = {
			isa = PBXGroup;
			children = (
				B696885A2A1F12CA009CC9B6 /* FLUFFY */,
				B69688592A1F12CA009CC9B6 /* Products */,
				80A702DF2FE2932806EE6DD0 /* Pods */,
				1021868A847AB2B9A382D108 /* Frameworks */,
			);
			sourceTree = "<group>";
		};
		B69688592A1F12CA009CC9B6 /* Products */ = {
			isa = PBXGroup;
			children = (
				B69688582A1F12CA009CC9B6 /* FLUFFY.app */,
			);
			name = Products;
			sourceTree = "<group>";
		};
		B696885A2A1F12CA009CC9B6 /* FLUFFY */ = {
			isa = PBXGroup;
			children = (
				B65B41F82A27311000E6B579 /* Tools */,
				B6382BD62A25888600A40724 /* Foundation */,
				B69688712A1F1B62009CC9B6 /* Domain */,
				B6907DC02A20770E001B22C1 /* API */,
				B69688742A1F1BE7009CC9B6 /* Service */,
				B69688702A1F1B25009CC9B6 /* Scence */,
				B6B897FD2A2306FF0076D712 /* Resources */,
				B6907DB92A20759D001B22C1 /* Extension */,
				B696886F2A1F163E009CC9B6 /* FLUFFY.entitlements */,
				B696885B2A1F12CA009CC9B6 /* AppDelegate.swift */,
				B696885D2A1F12CA009CC9B6 /* SceneDelegate.swift */,
				B69688612A1F12CA009CC9B6 /* Main.storyboard */,
				B69688642A1F12CB009CC9B6 /* Assets.xcassets */,
				B69688662A1F12CB009CC9B6 /* LaunchScreen.storyboard */,
				B69688692A1F12CB009CC9B6 /* Info.plist */,
				B6907DD32A20A0F2001B22C1 /* App.swift */,
			);
			path = FLUFFY;
			sourceTree = "<group>";
		};
		B69688702A1F1B25009CC9B6 /* Scence */ = {
			isa = PBXGroup;
			children = (
				B65BDCD92A2B2CD400DEFAD8 /* Common */,
				B65BDCD62A2B2BEE00DEFAD8 /* Intro */,
				B6907DC82A207A60001B22C1 /* Home */,
				B6907DC62A207A04001B22C1 /* Scheduler */,
				B6907DC72A207A11001B22C1 /* Account */,
				B6907DC52A2079FC001B22C1 /* MyPage */,
				B6907DD72A20A278001B22C1 /* BaseViewController.swift */,
				B6907DD92A20A44D001B22C1 /* TabBarViewController.swift */,
			);
			path = Scence;
			sourceTree = "<group>";
		};
		B69688712A1F1B62009CC9B6 /* Domain */ = {
			isa = PBXGroup;
			children = (
				B65B42042A28283600E6B579 /* Account */,
				B69688722A1F1BE2009CC9B6 /* Score.swift */,
				B6907DD12A207B4B001B22C1 /* Status.swift */,
				B65B41FB2A27317100E6B579 /* Web.swift */,
			);
			path = Domain;
			sourceTree = "<group>";
		};
		B69688742A1F1BE7009CC9B6 /* Service */ = {
			isa = PBXGroup;
			children = (
				B69688752A1F1BF3009CC9B6 /* AppleService.swift */,
				B69688772A1F1CDC009CC9B6 /* KeychainService.swift */,
				B69688792A1F22DD009CC9B6 /* NetworkService.swift */,
			);
			path = Service;
			sourceTree = "<group>";
		};
		B6AB3E502A262579003241C2 /* PushSetting */ = {
			isa = PBXGroup;
			children = (
				B6AB3E512A262586003241C2 /* PushSettingViewController.swift */,
				B629BAD72A26EF3800561538 /* PushSettingViewModel.swift */,
			);
			path = PushSetting;
			sourceTree = "<group>";
		};
		B6B897FD2A2306FF0076D712 /* Resources */ = {
			isa = PBXGroup;
			children = (
				B6382BAC2A238F5B00A40724 /* Fonts */,
			);
			path = Resources;
			sourceTree = "<group>";
		};
/* End PBXGroup section */

/* Begin PBXNativeTarget section */
		B69688572A1F12CA009CC9B6 /* FLUFFY */ = {
			isa = PBXNativeTarget;
			buildConfigurationList = B696886C2A1F12CB009CC9B6 /* Build configuration list for PBXNativeTarget "FLUFFY" */;
			buildPhases = (
				A95EEAFDC3485AFBD48C383E /* [CP] Check Pods Manifest.lock */,
				B69688542A1F12CA009CC9B6 /* Sources */,
				B69688552A1F12CA009CC9B6 /* Frameworks */,
				B69688562A1F12CA009CC9B6 /* Resources */,
				5706A2FD8C6CDAE03B674EEB /* [CP] Embed Pods Frameworks */,
			);
			buildRules = (
			);
			dependencies = (
			);
			name = FLUFFY;
			productName = FLUFFY;
			productReference = B69688582A1F12CA009CC9B6 /* FLUFFY.app */;
			productType = "com.apple.product-type.application";
		};
/* End PBXNativeTarget section */

/* Begin PBXProject section */
		B69688502A1F12CA009CC9B6 /* Project object */ = {
			isa = PBXProject;
			attributes = {
				BuildIndependentTargetsInParallel = 1;
				LastSwiftUpdateCheck = 1430;
				LastUpgradeCheck = 1430;
				TargetAttributes = {
					B69688572A1F12CA009CC9B6 = {
						CreatedOnToolsVersion = 14.3;
					};
				};
			};
			buildConfigurationList = B69688532A1F12CA009CC9B6 /* Build configuration list for PBXProject "FLUFFY" */;
			compatibilityVersion = "Xcode 13.0";
			developmentRegion = en;
			hasScannedForEncodings = 0;
			knownRegions = (
				en,
				Base,
			);
			mainGroup = B696884F2A1F12CA009CC9B6;
			productRefGroup = B69688592A1F12CA009CC9B6 /* Products */;
			projectDirPath = "";
			projectRoot = "";
			targets = (
				B69688572A1F12CA009CC9B6 /* FLUFFY */,
			);
		};
/* End PBXProject section */

/* Begin PBXResourcesBuildPhase section */
		B69688562A1F12CA009CC9B6 /* Resources */ = {
			isa = PBXResourcesBuildPhase;
			buildActionMask = 2147483647;
			files = (
				B6382BCE2A23949300A40724 /* Pretendard-ExtraLight.otf in Resources */,
				B69688682A1F12CB009CC9B6 /* LaunchScreen.storyboard in Resources */,
				B6382BCD2A23949300A40724 /* Pretendard-Bold.otf in Resources */,
				B6382BCB2A23949300A40724 /* Pretendard-Regular.otf in Resources */,
				B6EF94EE2A2D84C0006BBC8E /* Candy Beans.otf in Resources */,
				B69688652A1F12CB009CC9B6 /* Assets.xcassets in Resources */,
				B6382BC92A23949300A40724 /* Pretendard-ExtraBold.otf in Resources */,
				B6382BCA2A23949300A40724 /* Pretendard-Light.otf in Resources */,
				B6382BCF2A23949300A40724 /* Pretendard-SemiBold.otf in Resources */,
				B6382BCC2A23949300A40724 /* Pretendard-Black.otf in Resources */,
				B6382BD02A23949300A40724 /* Pretendard-Thin.otf in Resources */,
				B69688632A1F12CA009CC9B6 /* Main.storyboard in Resources */,
				B6382BD12A23949300A40724 /* Pretendard-Medium.otf in Resources */,
			);
			runOnlyForDeploymentPostprocessing = 0;
		};
/* End PBXResourcesBuildPhase section */

/* Begin PBXShellScriptBuildPhase section */
		5706A2FD8C6CDAE03B674EEB /* [CP] Embed Pods Frameworks */ = {
			isa = PBXShellScriptBuildPhase;
			buildActionMask = 2147483647;
			files = (
			);
			inputFileListPaths = (
				"${PODS_ROOT}/Target Support Files/Pods-FLUFFY/Pods-FLUFFY-frameworks-${CONFIGURATION}-input-files.xcfilelist",
			);
			name = "[CP] Embed Pods Frameworks";
			outputFileListPaths = (
				"${PODS_ROOT}/Target Support Files/Pods-FLUFFY/Pods-FLUFFY-frameworks-${CONFIGURATION}-output-files.xcfilelist",
			);
			runOnlyForDeploymentPostprocessing = 0;
			shellPath = /bin/sh;
			shellScript = "\"${PODS_ROOT}/Target Support Files/Pods-FLUFFY/Pods-FLUFFY-frameworks.sh\"\n";
			showEnvVarsInLog = 0;
		};
		A95EEAFDC3485AFBD48C383E /* [CP] Check Pods Manifest.lock */ = {
			isa = PBXShellScriptBuildPhase;
			buildActionMask = 2147483647;
			files = (
			);
			inputFileListPaths = (
			);
			inputPaths = (
				"${PODS_PODFILE_DIR_PATH}/Podfile.lock",
				"${PODS_ROOT}/Manifest.lock",
			);
			name = "[CP] Check Pods Manifest.lock";
			outputFileListPaths = (
			);
			outputPaths = (
				"$(DERIVED_FILE_DIR)/Pods-FLUFFY-checkManifestLockResult.txt",
			);
			runOnlyForDeploymentPostprocessing = 0;
			shellPath = /bin/sh;
			shellScript = "diff \"${PODS_PODFILE_DIR_PATH}/Podfile.lock\" \"${PODS_ROOT}/Manifest.lock\" > /dev/null\nif [ $? != 0 ] ; then\n    # print error to STDERR\n    echo \"error: The sandbox is not in sync with the Podfile.lock. Run 'pod install' or update your CocoaPods installation.\" >&2\n    exit 1\nfi\n# This output is used by Xcode 'outputs' to avoid re-running this script phase.\necho \"SUCCESS\" > \"${SCRIPT_OUTPUT_FILE_0}\"\n";
			showEnvVarsInLog = 0;
		};
/* End PBXShellScriptBuildPhase section */

/* Begin PBXSourcesBuildPhase section */
		B69688542A1F12CA009CC9B6 /* Sources */ = {
			isa = PBXSourcesBuildPhase;
			buildActionMask = 2147483647;
			files = (
				9C2F58B52A26454B00B36415 /* TaskTableViewCell.swift in Sources */,
				B6AB3E522A262586003241C2 /* PushSettingViewController.swift in Sources */,
				B69688602A1F12CA009CC9B6 /* ViewController.swift in Sources */,
				B696885C2A1F12CA009CC9B6 /* AppDelegate.swift in Sources */,
				B65BDCEA2A2B311500DEFAD8 /* SignInViewModel.swift in Sources */,
				B69688732A1F1BE2009CC9B6 /* Score.swift in Sources */,
				B65B42062A28284C00E6B579 /* Account.swift in Sources */,
				B6AB3E4F2A2620C5003241C2 /* MyPageViewModel.swift in Sources */,
				B6907DBD2A207661001B22C1 /* Encodable+Ext.swift in Sources */,
				B65B420A2A283AFB00E6B579 /* MyPageRowView.swift in Sources */,
				B6B897FC2A2306770076D712 /* Font+Ext.swift in Sources */,
				B6CEBA982A2F256E00ED9333 /* PermAgreeViewController.swift in Sources */,
				B6907DDA2A20A44D001B22C1 /* TabBarViewController.swift in Sources */,
				B6382BD82A25889500A40724 /* RxViewModel.swift in Sources */,
				B696885E2A1F12CA009CC9B6 /* SceneDelegate.swift in Sources */,
				B6907DD82A20A278001B22C1 /* BaseViewController.swift in Sources */,
				B69688762A1F1BF3009CC9B6 /* AppleService.swift in Sources */,
				9C2F58BB2A27421F00B36415 /* CustomSlider.swift in Sources */,
				B65B420C2A2861D300E6B579 /* Bundle+Ext.swift in Sources */,
				B661A2DA2A2C61B600F54A44 /* String+Ext.swift in Sources */,
				B6907DBB2A2075A9001B22C1 /* UIColor+Ext.swift in Sources */,
				B6EF94F02A2D997D006BBC8E /* NicknameChangeViewController.swift in Sources */,
				B6907DD42A20A0F2001B22C1 /* App.swift in Sources */,
				B6907DCE2A207AA1001B22C1 /* ScheudlerViewController.swift in Sources */,
				B65B42082A28286100E6B579 /* AccountAPIs.swift in Sources */,
				B65B42012A27357000E6B579 /* MyInfoViewModel.swift in Sources */,
				B65B41FA2A27311D00E6B579 /* Opener.swift in Sources */,
				B65BDCE12A2B30A900DEFAD8 /* SignInViewController.swift in Sources */,
				B6382BDA2A2588FC00A40724 /* HomeViewValue.swift in Sources */,
				B6907DC22A20771C001B22C1 /* FlUPPYAPIAPI.swift in Sources */,
				B69688782A1F1CDC009CC9B6 /* KeychainService.swift in Sources */,
				B65B41FF2A27352900E6B579 /* MyInfoViewController.swift in Sources */,
				B65BDCE72A2B310600DEFAD8 /* AssociationViewModel.swift in Sources */,
				B65BDCD82A2B2C6D00DEFAD8 /* OnBoardingViewController.swift in Sources */,
				B6907DD02A207AB7001B22C1 /* SignUpViewController.swift in Sources */,
				B65BDCED2A2B346400DEFAD8 /* AssociationRowView.swift in Sources */,
				B65B41FC2A27317100E6B579 /* Web.swift in Sources */,
				B65BDCDF2A2B309600DEFAD8 /* AssociationViewController.swift in Sources */,
				B6907DCC2A207A95001B22C1 /* MyPageViewController.swift in Sources */,
				B6907DBF2A2076AF001B22C1 /* UserDefaults+Ext.swift in Sources */,
				B6907DC42A207743001B22C1 /* API.swift in Sources */,
				B65BDCDB2A2B2CDF00DEFAD8 /* CommonButtonView.swift in Sources */,
				B6907DCA2A207A7F001B22C1 /* HomeViewController.swift in Sources */,
				B629BAD82A26EF3800561538 /* PushSettingViewModel.swift in Sources */,
				B6907DD22A207B4B001B22C1 /* Status.swift in Sources */,
				B65BDCDD2A2B303F00DEFAD8 /* DividerView.swift in Sources */,
				B696887A2A1F22DD009CC9B6 /* NetworkService.swift in Sources */,
				B661A2DC2A2C742400F54A44 /* PaddingLabel.swift in Sources */,
				9C5A12492A2DCC7F00E04FC3 /* EditModalViewController.swift in Sources */,
				9C3628F32A26001900562713 /* ModalViewController.swift in Sources */,
				B65BDCE42A2B30F800DEFAD8 /* SignUpViewModel.swift in Sources */,
				B6907DD62A20A205001B22C1 /* HomeViewModel.swift in Sources */,
				B65BDCEF2A2C27DA00DEFAD8 /* OnBoardingContenViewController.swift in Sources */,
				9C5A12472A2AE7C800E04FC3 /* ScheduleManager.swift in Sources */,
			);
			runOnlyForDeploymentPostprocessing = 0;
		};
/* End PBXSourcesBuildPhase section */

/* Begin PBXVariantGroup section */
		B69688612A1F12CA009CC9B6 /* Main.storyboard */ = {
			isa = PBXVariantGroup;
			children = (
				B69688622A1F12CA009CC9B6 /* Base */,
			);
			name = Main.storyboard;
			sourceTree = "<group>";
		};
		B69688662A1F12CB009CC9B6 /* LaunchScreen.storyboard */ = {
			isa = PBXVariantGroup;
			children = (
				B69688672A1F12CB009CC9B6 /* Base */,
			);
			name = LaunchScreen.storyboard;
			sourceTree = "<group>";
		};
/* End PBXVariantGroup section */

/* Begin XCBuildConfiguration section */
		B696886A2A1F12CB009CC9B6 /* Debug */ = {
			isa = XCBuildConfiguration;
			buildSettings = {
				ALWAYS_SEARCH_USER_PATHS = NO;
				CLANG_ANALYZER_NONNULL = YES;
				CLANG_ANALYZER_NUMBER_OBJECT_CONVERSION = YES_AGGRESSIVE;
				CLANG_CXX_LANGUAGE_STANDARD = "gnu++20";
				CLANG_ENABLE_MODULES = YES;
				CLANG_ENABLE_OBJC_ARC = YES;
				CLANG_ENABLE_OBJC_WEAK = YES;
				CLANG_WARN_BLOCK_CAPTURE_AUTORELEASING = YES;
				CLANG_WARN_BOOL_CONVERSION = YES;
				CLANG_WARN_COMMA = YES;
				CLANG_WARN_CONSTANT_CONVERSION = YES;
				CLANG_WARN_DEPRECATED_OBJC_IMPLEMENTATIONS = YES;
				CLANG_WARN_DIRECT_OBJC_ISA_USAGE = YES_ERROR;
				CLANG_WARN_DOCUMENTATION_COMMENTS = YES;
				CLANG_WARN_EMPTY_BODY = YES;
				CLANG_WARN_ENUM_CONVERSION = YES;
				CLANG_WARN_INFINITE_RECURSION = YES;
				CLANG_WARN_INT_CONVERSION = YES;
				CLANG_WARN_NON_LITERAL_NULL_CONVERSION = YES;
				CLANG_WARN_OBJC_IMPLICIT_RETAIN_SELF = YES;
				CLANG_WARN_OBJC_LITERAL_CONVERSION = YES;
				CLANG_WARN_OBJC_ROOT_CLASS = YES_ERROR;
				CLANG_WARN_QUOTED_INCLUDE_IN_FRAMEWORK_HEADER = YES;
				CLANG_WARN_RANGE_LOOP_ANALYSIS = YES;
				CLANG_WARN_STRICT_PROTOTYPES = YES;
				CLANG_WARN_SUSPICIOUS_MOVE = YES;
				CLANG_WARN_UNGUARDED_AVAILABILITY = YES_AGGRESSIVE;
				CLANG_WARN_UNREACHABLE_CODE = YES;
				CLANG_WARN__DUPLICATE_METHOD_MATCH = YES;
				COPY_PHASE_STRIP = NO;
				DEBUG_INFORMATION_FORMAT = dwarf;
				ENABLE_STRICT_OBJC_MSGSEND = YES;
				ENABLE_TESTABILITY = YES;
				GCC_C_LANGUAGE_STANDARD = gnu11;
				GCC_DYNAMIC_NO_PIC = NO;
				GCC_NO_COMMON_BLOCKS = YES;
				GCC_OPTIMIZATION_LEVEL = 0;
				GCC_PREPROCESSOR_DEFINITIONS = (
					"DEBUG=1",
					"$(inherited)",
				);
				GCC_WARN_64_TO_32_BIT_CONVERSION = YES;
				GCC_WARN_ABOUT_RETURN_TYPE = YES_ERROR;
				GCC_WARN_UNDECLARED_SELECTOR = YES;
				GCC_WARN_UNINITIALIZED_AUTOS = YES_AGGRESSIVE;
				GCC_WARN_UNUSED_FUNCTION = YES;
				GCC_WARN_UNUSED_VARIABLE = YES;
				IPHONEOS_DEPLOYMENT_TARGET = 15.0;
				MTL_ENABLE_DEBUG_INFO = INCLUDE_SOURCE;
				MTL_FAST_MATH = YES;
				ONLY_ACTIVE_ARCH = YES;
				SDKROOT = iphoneos;
				SWIFT_ACTIVE_COMPILATION_CONDITIONS = DEBUG;
				SWIFT_OPTIMIZATION_LEVEL = "-Onone";
			};
			name = Debug;
		};
		B696886B2A1F12CB009CC9B6 /* Release */ = {
			isa = XCBuildConfiguration;
			buildSettings = {
				ALWAYS_SEARCH_USER_PATHS = NO;
				CLANG_ANALYZER_NONNULL = YES;
				CLANG_ANALYZER_NUMBER_OBJECT_CONVERSION = YES_AGGRESSIVE;
				CLANG_CXX_LANGUAGE_STANDARD = "gnu++20";
				CLANG_ENABLE_MODULES = YES;
				CLANG_ENABLE_OBJC_ARC = YES;
				CLANG_ENABLE_OBJC_WEAK = YES;
				CLANG_WARN_BLOCK_CAPTURE_AUTORELEASING = YES;
				CLANG_WARN_BOOL_CONVERSION = YES;
				CLANG_WARN_COMMA = YES;
				CLANG_WARN_CONSTANT_CONVERSION = YES;
				CLANG_WARN_DEPRECATED_OBJC_IMPLEMENTATIONS = YES;
				CLANG_WARN_DIRECT_OBJC_ISA_USAGE = YES_ERROR;
				CLANG_WARN_DOCUMENTATION_COMMENTS = YES;
				CLANG_WARN_EMPTY_BODY = YES;
				CLANG_WARN_ENUM_CONVERSION = YES;
				CLANG_WARN_INFINITE_RECURSION = YES;
				CLANG_WARN_INT_CONVERSION = YES;
				CLANG_WARN_NON_LITERAL_NULL_CONVERSION = YES;
				CLANG_WARN_OBJC_IMPLICIT_RETAIN_SELF = YES;
				CLANG_WARN_OBJC_LITERAL_CONVERSION = YES;
				CLANG_WARN_OBJC_ROOT_CLASS = YES_ERROR;
				CLANG_WARN_QUOTED_INCLUDE_IN_FRAMEWORK_HEADER = YES;
				CLANG_WARN_RANGE_LOOP_ANALYSIS = YES;
				CLANG_WARN_STRICT_PROTOTYPES = YES;
				CLANG_WARN_SUSPICIOUS_MOVE = YES;
				CLANG_WARN_UNGUARDED_AVAILABILITY = YES_AGGRESSIVE;
				CLANG_WARN_UNREACHABLE_CODE = YES;
				CLANG_WARN__DUPLICATE_METHOD_MATCH = YES;
				COPY_PHASE_STRIP = NO;
				DEBUG_INFORMATION_FORMAT = "dwarf-with-dsym";
				ENABLE_NS_ASSERTIONS = NO;
				ENABLE_STRICT_OBJC_MSGSEND = YES;
				GCC_C_LANGUAGE_STANDARD = gnu11;
				GCC_NO_COMMON_BLOCKS = YES;
				GCC_WARN_64_TO_32_BIT_CONVERSION = YES;
				GCC_WARN_ABOUT_RETURN_TYPE = YES_ERROR;
				GCC_WARN_UNDECLARED_SELECTOR = YES;
				GCC_WARN_UNINITIALIZED_AUTOS = YES_AGGRESSIVE;
				GCC_WARN_UNUSED_FUNCTION = YES;
				GCC_WARN_UNUSED_VARIABLE = YES;
				IPHONEOS_DEPLOYMENT_TARGET = 15.0;
				MTL_ENABLE_DEBUG_INFO = NO;
				MTL_FAST_MATH = YES;
				SDKROOT = iphoneos;
				SWIFT_COMPILATION_MODE = wholemodule;
				SWIFT_OPTIMIZATION_LEVEL = "-O";
				VALIDATE_PRODUCT = YES;
			};
			name = Release;
		};
		B696886D2A1F12CB009CC9B6 /* Debug */ = {
			isa = XCBuildConfiguration;
			baseConfigurationReference = EED37F88DB09F52E209827C0 /* Pods-FLUFFY.debug.xcconfig */;
			buildSettings = {
				ASSETCATALOG_COMPILER_APPICON_NAME = AppIcon;
				ASSETCATALOG_COMPILER_GLOBAL_ACCENT_COLOR_NAME = AccentColor;
				CODE_SIGN_ENTITLEMENTS = FLUFFY/FLUFFY.entitlements;
				CODE_SIGN_STYLE = Automatic;
				CURRENT_PROJECT_VERSION = 1;
				DEVELOPMENT_TEAM = ZP6YLB995M;
				GENERATE_INFOPLIST_FILE = YES;
				INFOPLIST_FILE = FLUFFY/Info.plist;
				INFOPLIST_KEY_CFBundleDisplayName = FLUFFY;
				INFOPLIST_KEY_LSApplicationCategoryType = "public.app-category.healthcare-fitness";
				INFOPLIST_KEY_UIApplicationSupportsIndirectInputEvents = YES;
				INFOPLIST_KEY_UILaunchStoryboardName = LaunchScreen;
				INFOPLIST_KEY_UIMainStoryboardFile = Main;
				INFOPLIST_KEY_UISupportedInterfaceOrientations = UIInterfaceOrientationPortrait;
				INFOPLIST_KEY_UISupportedInterfaceOrientations_iPad = "UIInterfaceOrientationLandscapeLeft UIInterfaceOrientationLandscapeRight UIInterfaceOrientationPortrait UIInterfaceOrientationPortraitUpsideDown";
				IPHONEOS_DEPLOYMENT_TARGET = 15.0;
				LD_RUNPATH_SEARCH_PATHS = (
					"$(inherited)",
					"@executable_path/Frameworks",
				);
				MARKETING_VERSION = 1.0;
				PRODUCT_BUNDLE_IDENTIFIER = com.geonhee.FLUFFY;
				PRODUCT_NAME = "$(TARGET_NAME)";
				SUPPORTED_PLATFORMS = "iphoneos iphonesimulator";
				SUPPORTS_MACCATALYST = NO;
				SUPPORTS_MAC_DESIGNED_FOR_IPHONE_IPAD = NO;
				SWIFT_EMIT_LOC_STRINGS = YES;
				SWIFT_VERSION = 5.0;
				TARGETED_DEVICE_FAMILY = 1;
			};
			name = Debug;
		};
		B696886E2A1F12CB009CC9B6 /* Release */ = {
			isa = XCBuildConfiguration;
			baseConfigurationReference = 647511F047D81A33A7168BA9 /* Pods-FLUFFY.release.xcconfig */;
			buildSettings = {
				ASSETCATALOG_COMPILER_APPICON_NAME = AppIcon;
				ASSETCATALOG_COMPILER_GLOBAL_ACCENT_COLOR_NAME = AccentColor;
				CODE_SIGN_ENTITLEMENTS = FLUFFY/FLUFFY.entitlements;
				CODE_SIGN_STYLE = Automatic;
				CURRENT_PROJECT_VERSION = 1;
				DEVELOPMENT_TEAM = ZP6YLB995M;
				GENERATE_INFOPLIST_FILE = YES;
				INFOPLIST_FILE = FLUFFY/Info.plist;
				INFOPLIST_KEY_CFBundleDisplayName = FLUFFY;
				INFOPLIST_KEY_LSApplicationCategoryType = "public.app-category.healthcare-fitness";
				INFOPLIST_KEY_UIApplicationSupportsIndirectInputEvents = YES;
				INFOPLIST_KEY_UILaunchStoryboardName = LaunchScreen;
				INFOPLIST_KEY_UIMainStoryboardFile = Main;
				INFOPLIST_KEY_UISupportedInterfaceOrientations = UIInterfaceOrientationPortrait;
				INFOPLIST_KEY_UISupportedInterfaceOrientations_iPad = "UIInterfaceOrientationLandscapeLeft UIInterfaceOrientationLandscapeRight UIInterfaceOrientationPortrait UIInterfaceOrientationPortraitUpsideDown";
				IPHONEOS_DEPLOYMENT_TARGET = 15.0;
				LD_RUNPATH_SEARCH_PATHS = (
					"$(inherited)",
					"@executable_path/Frameworks",
				);
				MARKETING_VERSION = 1.0;
				PRODUCT_BUNDLE_IDENTIFIER = com.geonhee.FLUFFY;
				PRODUCT_NAME = "$(TARGET_NAME)";
				SUPPORTED_PLATFORMS = "iphoneos iphonesimulator";
				SUPPORTS_MACCATALYST = NO;
				SUPPORTS_MAC_DESIGNED_FOR_IPHONE_IPAD = NO;
				SWIFT_EMIT_LOC_STRINGS = YES;
				SWIFT_VERSION = 5.0;
				TARGETED_DEVICE_FAMILY = 1;
			};
			name = Release;
		};
/* End XCBuildConfiguration section */

/* Begin XCConfigurationList section */
		B69688532A1F12CA009CC9B6 /* Build configuration list for PBXProject "FLUFFY" */ = {
			isa = XCConfigurationList;
			buildConfigurations = (
				B696886A2A1F12CB009CC9B6 /* Debug */,
				B696886B2A1F12CB009CC9B6 /* Release */,
			);
			defaultConfigurationIsVisible = 0;
			defaultConfigurationName = Release;
		};
		B696886C2A1F12CB009CC9B6 /* Build configuration list for PBXNativeTarget "FLUFFY" */ = {
			isa = XCConfigurationList;
			buildConfigurations = (
				B696886D2A1F12CB009CC9B6 /* Debug */,
				B696886E2A1F12CB009CC9B6 /* Release */,
			);
			defaultConfigurationIsVisible = 0;
			defaultConfigurationName = Release;
		};
/* End XCConfigurationList section */
	};
	rootObject = B69688502A1F12CA009CC9B6 /* Project object */;
}
